<?xml version="1.0" encoding="utf-8"?>
<Project ToolsVersion="4.0" xmlns="http://schemas.microsoft.com/developer/msbuild/2003">
  <ItemGroup>
    <Filter Include="Source Files">
      <UniqueIdentifier>{4FC737F1-C7A5-4376-A066-2A32D752A2FF}</UniqueIdentifier>
      <Extensions>cpp;c;cc;cxx;def;odl;idl;hpj;bat;asm;asmx</Extensions>
    </Filter>
    <Filter Include="Header Files">
      <UniqueIdentifier>{93995380-89BD-4b04-88EB-625FBE52EBFB}</UniqueIdentifier>
      <Extensions>h;hh;hpp;hxx;hm;inl;inc;ipp;xsd</Extensions>
    </Filter>
    <Filter Include="Resource Files">
      <UniqueIdentifier>{67DA6AB6-F800-4c08-8B7A-83BB121AAD01}</UniqueIdentifier>
      <Extensions>rc;ico;cur;bmp;dlg;rc2;rct;bin;rgs;gif;jpg;jpeg;jpe;resx;tiff;tif;png;wav;mfcribbon-ms</Extensions>
    </Filter>
    <Filter Include="Shaders">
      <UniqueIdentifier>{f46e9ddf-7b07-4542-9ff4-3c8c0dbd9cc0}</UniqueIdentifier>
    </Filter>
    <Filter Include="Header Files\3D Base">
      <UniqueIdentifier>{042bc847-e1d9-441d-bc36-fc5d5a2b12cc}</UniqueIdentifier>
    </Filter>
    <Filter Include="Header Files\Models">
      <UniqueIdentifier>{e13a4614-9e9e-4a75-9053-c947aeafb41d}</UniqueIdentifier>
    </Filter>
    <Filter Include="Header Files\Framework">
      <UniqueIdentifier>{a7e87271-e47e-4104-be5d-6183af15ded9}</UniqueIdentifier>
    </Filter>
  </ItemGroup>
  <ItemGroup>
    <ClCompile Include="Main.cpp">
      <Filter>Source Files</Filter>
    </ClCompile>
    <ClCompile Include="Display.cpp">
      <Filter>Source Files</Filter>
    </ClCompile>
    <ClCompile Include="Shader.cpp">
      <Filter>Source Files</Filter>
    </ClCompile>
    <ClCompile Include="Mesh.cpp">
      <Filter>Source Files</Filter>
    </ClCompile>
    <ClCompile Include="Texture.cpp">
      <Filter>Source Files</Filter>
    </ClCompile>
    <ClCompile Include="obj_loader.cpp">
      <Filter>Source Files</Filter>
    </ClCompile>
  </ItemGroup>
  <ItemGroup>
    <ClInclude Include="Camera.h">
      <Filter>Header Files\3D Base</Filter>
    </ClInclude>
    <ClInclude Include="Display.h">
      <Filter>Header Files\3D Base</Filter>
    </ClInclude>
    <ClInclude Include="Mesh.h">
      <Filter>Header Files\3D Base</Filter>
    </ClInclude>
    <ClInclude Include="obj_loader.h">
      <Filter>Header Files\3D Base</Filter>
    </ClInclude>
    <ClInclude Include="Shader.h">
      <Filter>Header Files\3D Base</Filter>
    </ClInclude>
    <ClInclude Include="Surface.h">
      <Filter>Header Files\3D Base</Filter>
    </ClInclude>
    <ClInclude Include="Texture.h">
      <Filter>Header Files\3D Base</Filter>
    </ClInclude>
    <ClInclude Include="Vertex.h">
      <Filter>Header Files\3D Base</Filter>
    </ClInclude>
    <ClInclude Include="Cube.h">
      <Filter>Header Files\Models</Filter>
    </ClInclude>
    <ClInclude Include="Keyboard.h">
      <Filter>Header Files\Framework</Filter>
    </ClInclude>
    <ClInclude Include="Mouse.h">
      <Filter>Header Files\Framework</Filter>
    </ClInclude>
    <ClInclude Include="Compound.h">
      <Filter>Header Files\Models</Filter>
    </ClInclude>
    <ClInclude Include="AescUtils.h">
      <Filter>Header Files\Framework</Filter>
    </ClInclude>
    <ClInclude Include="Model.h">
      <Filter>Header Files\Models</Filter>
    </ClInclude>
    <ClInclude Include="Random.h">
      <Filter>Header Files</Filter>
    </ClInclude>
    <ClInclude Include="Plane.h">
      <Filter>Header Files\Models</Filter>
    </ClInclude>
    <ClInclude Include="PolyHills.h">
      <Filter>Header Files</Filter>
    </ClInclude>
  </ItemGroup>
  <ItemGroup>
    <None Include="Transform.h">
      <Filter>Header Files\3D Base</Filter>
    </None>
    <None Include="Shaders\PSTex.glsl">
      <Filter>Shaders</Filter>
    </None>
    <None Include="Shaders\VSTex.glsl">
      <Filter>Shaders</Filter>
    </None>
    <None Include="Shaders\PSColor.glsl">
      <Filter>Shaders</Filter>
    </None>
    <None Include="Shaders\VSColor.glsl">
      <Filter>Shaders</Filter>
    </None>
  </ItemGroup>
</Project>